PODS:
  - AudioKit (3.6)
  - C4 (2.1.1)
  - EFAutoScrollLabel (1.0.1)

DEPENDENCIES:
  - AudioKit
  - C4 (~> 2.1.1)
  - EFAutoScrollLabel (~> 1.0.1)

SPEC CHECKSUMS:
  AudioKit: 7823de92f3c9570178d2347042867b6a93be1464
  C4: 50c631f37096fd84498b462dce124552ad958d88
  EFAutoScrollLabel: bb76d7008c3aade622b394a677a313b57d4c7b06

PODFILE CHECKSUM: 4198c3933d2ac89418425fc445361b471fade676

COCOAPODS: 1.2.1
