PODS:
  - AudioKit (3.6)
  - EFAutoScrollLabel (1.0.1)

DEPENDENCIES:
  - AudioKit
  - EFAutoScrollLabel (~> 1.0.1)

SPEC CHECKSUMS:
  AudioKit: 7823de92f3c9570178d2347042867b6a93be1464
  EFAutoScrollLabel: bb76d7008c3aade622b394a677a313b57d4c7b06

PODFILE CHECKSUM: 0ab769afe26f3a7befea0912996b069c453da8d8

COCOAPODS: 1.2.1
